Microsoft Visual Studio Solution File, Format Version 12.00
Project("{FAE04EC0-301F-11D3-BF4B-00C04F79EFBC}") = "TinCanTests", "TinCanTests\TinCanTests.csproj", "{46CFCA33-BCF7-45E5-9D69-39E9FE620970}"
EndProject
Project("{FAE04EC0-301F-11D3-BF4B-00C04F79EFBC}") = "TinCan", "TinCan\TinCan.csproj", "{963DFA62-82A3-45BD-9CB0-D51B6B2E3B8F}"
EndProject
Global
	GlobalSection(SolutionConfigurationPlatforms) = preSolution
		Debug|Any CPU = Debug|Any CPU
		Documentation|Any CPU = Documentation|Any CPU
		Release|Any CPU = Release|Any CPU
		Release-net35|Any CPU = Release-net35|Any CPU
		Release-net40|Any CPU = Release-net40|Any CPU
		Release-net45|Any CPU = Release-net45|Any CPU
		Release-net45-signed|Any CPU = Release-net45-signed|Any CPU
	EndGlobalSection
	GlobalSection(ProjectConfigurationPlatforms) = postSolution
		{46CFCA33-BCF7-45E5-9D69-39E9FE620970}.Debug|Any CPU.ActiveCfg = Debug|Any CPU
		{46CFCA33-BCF7-45E5-9D69-39E9FE620970}.Debug|Any CPU.Build.0 = Debug|Any CPU
		{46CFCA33-BCF7-45E5-9D69-39E9FE620970}.Documentation|Any CPU.ActiveCfg = Debug|Any CPU
		{46CFCA33-BCF7-45E5-9D69-39E9FE620970}.Documentation|Any CPU.Build.0 = Debug|Any CPU
		{46CFCA33-BCF7-45E5-9D69-39E9FE620970}.Release|Any CPU.ActiveCfg = Release|Any CPU
		{46CFCA33-BCF7-45E5-9D69-39E9FE620970}.Release|Any CPU.Build.0 = Release|Any CPU
		{46CFCA33-BCF7-45E5-9D69-39E9FE620970}.Release-net35|Any CPU.ActiveCfg = Release|Any CPU
		{46CFCA33-BCF7-45E5-9D69-39E9FE620970}.Release-net35|Any CPU.Build.0 = Release|Any CPU
		{46CFCA33-BCF7-45E5-9D69-39E9FE620970}.Release-net40|Any CPU.ActiveCfg = Release|Any CPU
		{46CFCA33-BCF7-45E5-9D69-39E9FE620970}.Release-net40|Any CPU.Build.0 = Release|Any CPU
		{46CFCA33-BCF7-45E5-9D69-39E9FE620970}.Release-net45|Any CPU.ActiveCfg = Release|Any CPU
		{46CFCA33-BCF7-45E5-9D69-39E9FE620970}.Release-net45|Any CPU.Build.0 = Release|Any CPU
		{46CFCA33-BCF7-45E5-9D69-39E9FE620970}.Release-net45-signed|Any CPU.ActiveCfg = Release|Any CPU
		{46CFCA33-BCF7-45E5-9D69-39E9FE620970}.Release-net45-signed|Any CPU.Build.0 = Release|Any CPU
		{963DFA62-82A3-45BD-9CB0-D51B6B2E3B8F}.Debug|Any CPU.ActiveCfg = Debug|Any CPU
		{963DFA62-82A3-45BD-9CB0-D51B6B2E3B8F}.Debug|Any CPU.Build.0 = Debug|Any CPU
		{963DFA62-82A3-45BD-9CB0-D51B6B2E3B8F}.Documentation|Any CPU.ActiveCfg = Debug|Any CPU
		{963DFA62-82A3-45BD-9CB0-D51B6B2E3B8F}.Documentation|Any CPU.Build.0 = Debug|Any CPU
		{963DFA62-82A3-45BD-9CB0-D51B6B2E3B8F}.Release|Any CPU.ActiveCfg = Release|Any CPU
		{963DFA62-82A3-45BD-9CB0-D51B6B2E3B8F}.Release|Any CPU.Build.0 = Release|Any CPU
		{963DFA62-82A3-45BD-9CB0-D51B6B2E3B8F}.Release-net35|Any CPU.ActiveCfg = Release|Any CPU
		{963DFA62-82A3-45BD-9CB0-D51B6B2E3B8F}.Release-net35|Any CPU.Build.0 = Release|Any CPU
		{963DFA62-82A3-45BD-9CB0-D51B6B2E3B8F}.Release-net40|Any CPU.ActiveCfg = Release|Any CPU
		{963DFA62-82A3-45BD-9CB0-D51B6B2E3B8F}.Release-net40|Any CPU.Build.0 = Release|Any CPU
		{963DFA62-82A3-45BD-9CB0-D51B6B2E3B8F}.Release-net45|Any CPU.ActiveCfg = Release|Any CPU
		{963DFA62-82A3-45BD-9CB0-D51B6B2E3B8F}.Release-net45|Any CPU.Build.0 = Release|Any CPU
		{963DFA62-82A3-45BD-9CB0-D51B6B2E3B8F}.Release-net45-signed|Any CPU.ActiveCfg = Release|Any CPU
		{963DFA62-82A3-45BD-9CB0-D51B6B2E3B8F}.Release-net45-signed|Any CPU.Build.0 = Release|Any CPU
	EndGlobalSection
	GlobalSection(SolutionProperties) = preSolution
		HideSolutionNode = FALSE
	EndGlobalSection
	GlobalSection(ExtensibilityGlobals) = postSolution
		SolutionGuid = {3C4F42BE-83A4-4816-BE3F-65C7B503C757}
	EndGlobalSection
EndGlobal
